Microsoft Visual Studio Solution File, Format Version 10.00
# Visual Studio 2008
Project("{8BC9CEB8-8B4A-11D0-8D11-00A0C91BC942}") = "ModelicaXML", "ModelicaXML.vcproj", "{57E77DDB-F6BC-4CE1-91E7-D669544DCFFC}"
EndProject
Project("{8BC9CEB8-8B4A-11D0-8D11-00A0C91BC942}") = "FlatModelicaXML", "..\FlatModelicaXML\FlatModelicaXML.vcproj", "{29D27443-5B16-45C0-B46F-3551BC103922}"
EndProject
Global
	GlobalSection(SolutionConfigurationPlatforms) = preSolution
		Debug|Win32 = Debug|Win32
		Release|Win32 = Release|Win32
	EndGlobalSection
	GlobalSection(ProjectConfigurationPlatforms) = postSolution
		{57E77DDB-F6BC-4CE1-91E7-D669544DCFFC}.Debug|Win32.ActiveCfg = Debug|Win32
		{57E77DDB-F6BC-4CE1-91E7-D669544DCFFC}.Debug|Win32.Build.0 = Debug|Win32
		{57E77DDB-F6BC-4CE1-91E7-D669544DCFFC}.Release|Win32.ActiveCfg = Release|Win32
		{57E77DDB-F6BC-4CE1-91E7-D669544DCFFC}.Release|Win32.Build.0 = Release|Win32
		{29D27443-5B16-45C0-B46F-3551BC103922}.Debug|Win32.ActiveCfg = Debug|Win32
		{29D27443-5B16-45C0-B46F-3551BC103922}.Debug|Win32.Build.0 = Debug|Win32
		{29D27443-5B16-45C0-B46F-3551BC103922}.Release|Win32.ActiveCfg = Release|Win32
		{29D27443-5B16-45C0-B46F-3551BC103922}.Release|Win32.Build.0 = Release|Win32
	EndGlobalSection
	GlobalSection(SolutionProperties) = preSolution
		HideSolutionNode = FALSE
	EndGlobalSection
EndGlobal
