<?xml version="1.0" encoding="utf-8"?>
<Project ToolsVersion="4.0" xmlns="http://schemas.microsoft.com/developer/msbuild/2003">
  <ItemGroup>
    <Filter Include="Interfaces">
      <UniqueIdentifier>{007b6e10-392c-4e4d-ac8b-57b30a774c03}</UniqueIdentifier>
    </Filter>
    <Filter Include="Implementation">
      <UniqueIdentifier>{edd6e7ca-11d9-439c-9c50-6d7a95bcd2df}</UniqueIdentifier>
    </Filter>
    <Filter Include="Implementation\Headerfiles">
      <UniqueIdentifier>{d7c626eb-2a1d-4f9d-9a26-b6b9b2e58525}</UniqueIdentifier>
    </Filter>
    <Filter Include="Implementation\Sourcecodefiles">
      <UniqueIdentifier>{654e0d9a-8ad1-4c84-aa46-57bbe771479f}</UniqueIdentifier>
    </Filter>
  </ItemGroup>
  <ItemGroup>
    <ClInclude Include="Interfaces\IBlas.h">
      <Filter>Interfaces</Filter>
    </ClInclude>
    <ClInclude Include="Interfaces\ILapack.h">
      <Filter>Interfaces</Filter>
    </ClInclude>
    <ClInclude Include="Implementation\Constants.h">
      <Filter>Implementation\Headerfiles</Filter>
    </ClInclude>
    <ClInclude Include="Implementation\Functions.h">
      <Filter>Implementation\Headerfiles</Filter>
    </ClInclude>
    <ClInclude Include="Implementation\stdafx.h">
      <Filter>Implementation\Headerfiles</Filter>
    </ClInclude>
    <ClInclude Include="Implementation\ArrayOperations.h">
      <Filter>Implementation\Headerfiles</Filter>
    </ClInclude>
  </ItemGroup>
  <ItemGroup>
    <ClCompile Include="Implementation\Functions.cpp">
      <Filter>Implementation\Sourcecodefiles</Filter>
    </ClCompile>
    <ClCompile Include="Implementation\stdafx.cpp">
      <Filter>Implementation\Sourcecodefiles</Filter>
    </ClCompile>
    <ClCompile Include="Implementation\ArrayOperations.cpp">
      <Filter>Implementation\Sourcecodefiles</Filter>
    </ClCompile>
  </ItemGroup>
</Project>