<?xml version="1.0" encoding="utf-8"?>
<Project ToolsVersion="4.0" xmlns="http://schemas.microsoft.com/developer/msbuild/2003">
  <ItemGroup>
    <Filter Include="Source Files">
      <UniqueIdentifier>{ddc4b8a7-c80b-4834-828b-197622f0f782}</UniqueIdentifier>
      <Extensions>cpp;c;cxx;rc;def;r;odl;idl;hpj;bat</Extensions>
    </Filter>
    <Filter Include="Header Files">
      <UniqueIdentifier>{329e848d-1b63-408e-98ab-5bc0556a200c}</UniqueIdentifier>
      <Extensions>h;hpp;hxx;hm;inl</Extensions>
    </Filter>
    <Filter Include="Generated MOC Files">
      <UniqueIdentifier>{47dd2a75-59ac-44c2-afea-dad16ee9e25e}</UniqueIdentifier>
      <Extensions>cpp;c;cxx;moc</Extensions>
    </Filter>
    <Filter Include="Form Files">
      <UniqueIdentifier>{e048bdf9-993b-4e8c-8d2b-0a356c414b2d}</UniqueIdentifier>
    </Filter>
    <Filter Include="Resource Files">
      <UniqueIdentifier>{D9D6E242-F8AF-46E4-B9FD-80ECBC20BA3E}</UniqueIdentifier>
      <Extensions>qrc;*</Extensions>
      <ParseFiles>false</ParseFiles>
    </Filter>
    <Filter Include="Generated Files">
      <UniqueIdentifier>{71ED8ED8-ACB9-4CE9-BBE1-E00B30144E11}</UniqueIdentifier>
      <Extensions>moc;h;cpp</Extensions>
    </Filter>
  </ItemGroup>
  <ItemGroup>
    <ClCompile Include="cell.cpp">
      <Filter>Source Files</Filter>
    </ClCompile>
    <ClCompile Include="cellapplication.cpp">
      <Filter>Source Files</Filter>
    </ClCompile>
    <ClCompile Include="cellcommandcenter.cpp">
      <Filter>Source Files</Filter>
    </ClCompile>
    <ClCompile Include="cellcommands.cpp">
      <Filter>Source Files</Filter>
    </ClCompile>
    <ClCompile Include="cellcursor.cpp">
      <Filter>Source Files</Filter>
    </ClCompile>
    <ClCompile Include="celldocument.cpp">
      <Filter>Source Files</Filter>
    </ClCompile>
    <ClCompile Include="cellfactory.cpp">
      <Filter>Source Files</Filter>
    </ClCompile>
    <ClCompile Include="cellgroup.cpp">
      <Filter>Source Files</Filter>
    </ClCompile>
    <ClCompile Include="cellparserfactory.cpp">
      <Filter>Source Files</Filter>
    </ClCompile>
    <ClCompile Include="chaptercountervisitor.cpp">
      <Filter>Source Files</Filter>
    </ClCompile>
    <ClCompile Include="commandcompletion.cpp">
      <Filter>Source Files</Filter>
    </ClCompile>
    <ClCompile Include="evalthread.cpp">
      <Filter>Source Files</Filter>
    </ClCompile>
    <ClCompile Include="graphcell.cpp">
      <Filter>Source Files</Filter>
    </ClCompile>
    <ClCompile Include="highlighterthread.cpp">
      <Filter>Source Files</Filter>
    </ClCompile>
    <ClCompile Include="indent.cpp">
      <Filter>Source Files</Filter>
    </ClCompile>
    <ClCompile Include="inputcell.cpp">
      <Filter>Source Files</Filter>
    </ClCompile>
    <ClCompile Include="notebook.cpp">
      <Filter>Source Files</Filter>
    </ClCompile>
    <ClCompile Include="notebookparser.cpp">
      <Filter>Source Files</Filter>
    </ClCompile>
    <ClCompile Include="notebooksocket.cpp">
      <Filter>Source Files</Filter>
    </ClCompile>
    <ClCompile Include="omc_communication.cc">
      <Filter>Source Files</Filter>
    </ClCompile>
    <ClCompile Include="omc_communicator.cpp">
      <Filter>Source Files</Filter>
    </ClCompile>
    <ClCompile Include="omcinteractiveenvironment.cpp">
      <Filter>Source Files</Filter>
    </ClCompile>
    <ClCompile Include="openmodelicahighlighter.cpp">
      <Filter>Source Files</Filter>
    </ClCompile>
    <ClCompile Include="printervisitor.cpp">
      <Filter>Source Files</Filter>
    </ClCompile>
    <ClCompile Include="puretextvisitor.cpp">
      <Filter>Source Files</Filter>
    </ClCompile>
    <ClCompile Include="qcombobox_search.cpp">
      <Filter>Source Files</Filter>
    </ClCompile>
    <ClCompile Include="qtapp.cpp">
      <Filter>Source Files</Filter>
    </ClCompile>
    <ClCompile Include="searchform.cpp">
      <Filter>Source Files</Filter>
    </ClCompile>
    <ClCompile Include="serializingvisitor.cpp">
      <Filter>Source Files</Filter>
    </ClCompile>
    <ClCompile Include="stylesheet.cpp">
      <Filter>Source Files</Filter>
    </ClCompile>
    <ClCompile Include="textcell.cpp">
      <Filter>Source Files</Filter>
    </ClCompile>
    <ClCompile Include="textcursorcommands.cpp">
      <Filter>Source Files</Filter>
    </ClCompile>
    <ClCompile Include="treeview.cpp">
      <Filter>Source Files</Filter>
    </ClCompile>
    <ClCompile Include="updategroupcellvisitor.cpp">
      <Filter>Source Files</Filter>
    </ClCompile>
    <ClCompile Include="updatelinkvisitor.cpp">
      <Filter>Source Files</Filter>
    </ClCompile>
    <ClCompile Include="xmlparser.cpp">
      <Filter>Source Files</Filter>
    </ClCompile>
    <ClCompile Include="moc_cell.cpp">
      <Filter>Generated MOC Files</Filter>
    </ClCompile>
    <ClCompile Include="moc_cellapplication.cpp">
      <Filter>Generated MOC Files</Filter>
    </ClCompile>
    <ClCompile Include="moc_cellcursor.cpp">
      <Filter>Generated MOC Files</Filter>
    </ClCompile>
    <ClCompile Include="moc_celldocument.cpp">
      <Filter>Generated MOC Files</Filter>
    </ClCompile>
    <ClCompile Include="moc_cellgroup.cpp">
      <Filter>Generated MOC Files</Filter>
    </ClCompile>
    <ClCompile Include="moc_commandcompletion.cpp">
      <Filter>Generated MOC Files</Filter>
    </ClCompile>
    <ClCompile Include="moc_document.cpp">
      <Filter>Generated MOC Files</Filter>
    </ClCompile>
    <ClCompile Include="moc_documentview.cpp">
      <Filter>Generated MOC Files</Filter>
    </ClCompile>
    <ClCompile Include="moc_graphcell.cpp">
      <Filter>Generated MOC Files</Filter>
    </ClCompile>
    <ClCompile Include="moc_inputcell.cpp">
      <Filter>Generated MOC Files</Filter>
    </ClCompile>
    <ClCompile Include="moc_notebook.cpp">
      <Filter>Generated MOC Files</Filter>
    </ClCompile>
    <ClCompile Include="moc_notebooksocket.cpp">
      <Filter>Generated MOC Files</Filter>
    </ClCompile>
    <ClCompile Include="moc_omc_communicator.cpp">
      <Filter>Generated MOC Files</Filter>
    </ClCompile>
    <ClCompile Include="moc_qcomboboxsearch.cpp">
      <Filter>Generated MOC Files</Filter>
    </ClCompile>
    <ClCompile Include="moc_searchform.cpp">
      <Filter>Generated MOC Files</Filter>
    </ClCompile>
    <ClCompile Include="moc_stylesheet.cpp">
      <Filter>Generated MOC Files</Filter>
    </ClCompile>
    <ClCompile Include="moc_textcell.cpp">
      <Filter>Generated MOC Files</Filter>
    </ClCompile>
    <ClCompile Include="moc_treeview.cpp">
      <Filter>Generated MOC Files</Filter>
    </ClCompile>
    <ClCompile Include="generatedfiles\qrc_res_qt.cpp">
      <Filter>Generated Files</Filter>
    </ClCompile>
  </ItemGroup>
  <ItemGroup>
    <ResourceCompile Include="res.rc">
      <Filter>Source Files</Filter>
    </ResourceCompile>
  </ItemGroup>
  <ItemGroup>
    <ClInclude Include="application.h">
      <Filter>Header Files</Filter>
    </ClInclude>
    <ClInclude Include="cellcommandcenter.h">
      <Filter>Header Files</Filter>
    </ClInclude>
    <ClInclude Include="cellcommands.h">
      <Filter>Header Files</Filter>
    </ClInclude>
    <ClInclude Include="celldocumentview.h">
      <Filter>Header Files</Filter>
    </ClInclude>
    <ClInclude Include="cellfactory.h">
      <Filter>Header Files</Filter>
    </ClInclude>
    <ClInclude Include="cellstyle.h">
      <Filter>Header Files</Filter>
    </ClInclude>
    <ClInclude Include="chaptercountervisitor.h">
      <Filter>Header Files</Filter>
    </ClInclude>
    <ClInclude Include="command.h">
      <Filter>Header Files</Filter>
    </ClInclude>
    <ClInclude Include="commandcenter.h">
      <Filter>Header Files</Filter>
    </ClInclude>
    <ClInclude Include="commandunit.h">
      <Filter>Header Files</Filter>
    </ClInclude>
    <ClInclude Include="cursorcommands.h">
      <Filter>Header Files</Filter>
    </ClInclude>
    <ClInclude Include="cursorposvisitor.h">
      <Filter>Header Files</Filter>
    </ClInclude>
    <ClInclude Include="evalthread.h">
      <Filter>Header Files</Filter>
    </ClInclude>
    <ClInclude Include="factory.h">
      <Filter>Header Files</Filter>
    </ClInclude>
    <ClInclude Include="highlighterthread.h">
      <Filter>Header Files</Filter>
    </ClInclude>
    <ClInclude Include="imagesizedlg.h">
      <Filter>Header Files</Filter>
    </ClInclude>
    <ClInclude Include="indent.h">
      <Filter>Header Files</Filter>
    </ClInclude>
    <ClInclude Include="inputcelldelegate.h">
      <Filter>Header Files</Filter>
    </ClInclude>
    <ClInclude Include="nbparser.h">
      <Filter>Header Files</Filter>
    </ClInclude>
    <ClInclude Include="notebookcommands.h">
      <Filter>Header Files</Filter>
    </ClInclude>
    <ClInclude Include="notebookparser.h">
      <Filter>Header Files</Filter>
    </ClInclude>
    <ClInclude Include="omc_communication.h">
      <Filter>Header Files</Filter>
    </ClInclude>
    <ClInclude Include="omcinteractiveenvironment.h">
      <Filter>Header Files</Filter>
    </ClInclude>
    <ClInclude Include="openmodelicahighlighter.h">
      <Filter>Header Files</Filter>
    </ClInclude>
    <ClInclude Include="otherdlg.h">
      <Filter>Header Files</Filter>
    </ClInclude>
    <ClInclude Include="parserfactory.h">
      <Filter>Header Files</Filter>
    </ClInclude>
    <ClInclude Include="printervisitor.h">
      <Filter>Header Files</Filter>
    </ClInclude>
    <ClInclude Include="puretextvisitor.h">
      <Filter>Header Files</Filter>
    </ClInclude>
    <ClInclude Include="removehighlightervisitor.h">
      <Filter>Header Files</Filter>
    </ClInclude>
    <ClInclude Include="replaceallvisitor.h">
      <Filter>Header Files</Filter>
    </ClInclude>
    <ClInclude Include="resource1.h">
      <Filter>Header Files</Filter>
    </ClInclude>
    <ClInclude Include="rule.h">
      <Filter>Header Files</Filter>
    </ClInclude>
    <ClInclude Include="serializingvisitor.h">
      <Filter>Header Files</Filter>
    </ClInclude>
    <ClInclude Include="stripstring.h">
      <Filter>Header Files</Filter>
    </ClInclude>
    <ClInclude Include="syntaxhighlighter.h">
      <Filter>Header Files</Filter>
    </ClInclude>
    <ClInclude Include="textcursorcommands.h">
      <Filter>Header Files</Filter>
    </ClInclude>
    <ClInclude Include="updategroupcellvisitor.h">
      <Filter>Header Files</Filter>
    </ClInclude>
    <ClInclude Include="updatelinkvisitor.h">
      <Filter>Header Files</Filter>
    </ClInclude>
    <ClInclude Include="visitor.h">
      <Filter>Header Files</Filter>
    </ClInclude>
    <ClInclude Include="xmlnodename.h">
      <Filter>Header Files</Filter>
    </ClInclude>
    <ClInclude Include="xmlparser.h">
      <Filter>Header Files</Filter>
    </ClInclude>
    <ClInclude Include="ui_imagesizedlg.h">
      <Filter>Generated MOC Files</Filter>
    </ClInclude>
    <ClInclude Include="ui_otherdlg.h">
      <Filter>Generated MOC Files</Filter>
    </ClInclude>
    <ClInclude Include="ui_searchform.h">
      <Filter>Generated MOC Files</Filter>
    </ClInclude>
  </ItemGroup>
  <ItemGroup>
    <None Include="omnotebook_png.png">
      <Filter>Resource Files</Filter>
    </None>
    <None Include="omnotebook_icon.ico" />
  </ItemGroup>
  <ItemGroup>
    <CustomBuild Include="cell.h">
      <Filter>Header Files</Filter>
    </CustomBuild>
    <CustomBuild Include="cellapplication.h">
      <Filter>Header Files</Filter>
    </CustomBuild>
    <CustomBuild Include="cellcursor.h">
      <Filter>Header Files</Filter>
    </CustomBuild>
    <CustomBuild Include="celldocument.h">
      <Filter>Header Files</Filter>
    </CustomBuild>
    <CustomBuild Include="cellgroup.h">
      <Filter>Header Files</Filter>
    </CustomBuild>
    <CustomBuild Include="commandcompletion.h">
      <Filter>Header Files</Filter>
    </CustomBuild>
    <CustomBuild Include="document.h">
      <Filter>Header Files</Filter>
    </CustomBuild>
    <CustomBuild Include="documentview.h">
      <Filter>Header Files</Filter>
    </CustomBuild>
    <CustomBuild Include="graphcell.h">
      <Filter>Header Files</Filter>
    </CustomBuild>
    <CustomBuild Include="graphcelldelegate.h">
      <Filter>Header Files</Filter>
    </CustomBuild>
    <CustomBuild Include="inputcell.h">
      <Filter>Header Files</Filter>
    </CustomBuild>
    <CustomBuild Include="notebook.h">
      <Filter>Header Files</Filter>
    </CustomBuild>
    <CustomBuild Include="notebooksocket.h">
      <Filter>Header Files</Filter>
    </CustomBuild>
    <CustomBuild Include="omc_communicator.hpp">
      <Filter>Header Files</Filter>
    </CustomBuild>
    <CustomBuild Include="qcombobox_search.h">
      <Filter>Header Files</Filter>
    </CustomBuild>
    <CustomBuild Include="searchform.h">
      <Filter>Header Files</Filter>
    </CustomBuild>
    <CustomBuild Include="stylesheet.h">
      <Filter>Header Files</Filter>
    </CustomBuild>
    <CustomBuild Include="textcell.h">
      <Filter>Header Files</Filter>
    </CustomBuild>
    <CustomBuild Include="treeview.h">
      <Filter>Header Files</Filter>
    </CustomBuild>
    <CustomBuild Include="ImageSizeDlg.ui">
      <Filter>Form Files</Filter>
    </CustomBuild>
    <CustomBuild Include="OtherDlg.ui">
      <Filter>Form Files</Filter>
    </CustomBuild>
    <CustomBuild Include="searchform.ui">
      <Filter>Form Files</Filter>
    </CustomBuild>
    <CustomBuild Include="res_qt.qrc">
      <Filter>Resource Files</Filter>
    </CustomBuild>
  </ItemGroup>
</Project>