Microsoft Visual Studio Solution File, Format Version 8.00
Project("{8BC9CEB8-8B4A-11D0-8D11-00A0C91BC942}") = "OMNotebookQT4", "trunk.vcproj", "{259725BE-54D2-3C8D-A8A8-4CF7BD839D28}"
	ProjectSection(ProjectDependencies) = postProject
		{3700A59E-E33B-4AC7-8385-35D486AEE4E0} = {3700A59E-E33B-4AC7-8385-35D486AEE4E0}
		{D98C1DD4-008F-34B2-A980-0998ECF8427E} = {D98C1DD4-008F-34B2-A980-0998ECF8427E}
		{D98C1DD4-008F-34B2-A980-0998ECF8427E} = {D98C1DD4-008F-34B2-A980-0998ECF8427E}
		{D98C1DD4-008F-34B2-A980-0998ECF8427E} = {D98C1DD4-008F-34B2-A980-0998ECF8427E}
	EndProjectSection
EndProject
Project("{8BC9CEB8-8B4A-11D0-8D11-00A0C91BC942}") = "NotebookParser", "..\NotebookParser\NotebookParser.vcproj", "{3700A59E-E33B-4AC7-8385-35D486AEE4E0}"
	ProjectSection(ProjectDependencies) = postProject
	EndProjectSection
EndProject
Project("{8BC9CEB8-8B4A-11D0-8D11-00A0C91BC942}") = "Pltpkg2", "..\Pltpkg2\Pltpkg2.vcproj", "{D98C1DD4-008F-34B2-A980-0998ECF8427E}"
	ProjectSection(ProjectDependencies) = postProject
	EndProjectSection
EndProject
Project("{8BC9CEB8-8B4A-11D0-8D11-00A0C91BC942}") = "ext", "..\ext\ext.vcproj", "{79F27DD3-82FE-3AAD-80B3-1255DC2DB9D9}"
	ProjectSection(ProjectDependencies) = postProject
		{D98C1DD4-008F-34B2-A980-0998ECF8427E} = {D98C1DD4-008F-34B2-A980-0998ECF8427E}
	EndProjectSection
EndProject
Global
	GlobalSection(SolutionConfiguration) = preSolution
		Debug = Debug
		Release = Release
	EndGlobalSection
	GlobalSection(ProjectDependencies) = postSolution
	EndGlobalSection
	GlobalSection(ProjectConfiguration) = postSolution
		{259725BE-54D2-3C8D-A8A8-4CF7BD839D28}.Debug.ActiveCfg = Debug|Win32
		{259725BE-54D2-3C8D-A8A8-4CF7BD839D28}.Debug.Build.0 = Debug|Win32
		{259725BE-54D2-3C8D-A8A8-4CF7BD839D28}.Release.ActiveCfg = Release|Win32
		{259725BE-54D2-3C8D-A8A8-4CF7BD839D28}.Release.Build.0 = Release|Win32
		{3700A59E-E33B-4AC7-8385-35D486AEE4E0}.Debug.ActiveCfg = Debug|Win32
		{3700A59E-E33B-4AC7-8385-35D486AEE4E0}.Debug.Build.0 = Debug|Win32
		{3700A59E-E33B-4AC7-8385-35D486AEE4E0}.Release.ActiveCfg = Release|Win32
		{3700A59E-E33B-4AC7-8385-35D486AEE4E0}.Release.Build.0 = Release|Win32
		{D98C1DD4-008F-34B2-A980-0998ECF8427E}.Debug.ActiveCfg = Debug|Win32
		{D98C1DD4-008F-34B2-A980-0998ECF8427E}.Debug.Build.0 = Debug|Win32
		{D98C1DD4-008F-34B2-A980-0998ECF8427E}.Release.ActiveCfg = Release|Win32
		{D98C1DD4-008F-34B2-A980-0998ECF8427E}.Release.Build.0 = Release|Win32
		{79F27DD3-82FE-3AAD-80B3-1255DC2DB9D9}.Debug.ActiveCfg = Debug|Win32
		{79F27DD3-82FE-3AAD-80B3-1255DC2DB9D9}.Debug.Build.0 = Debug|Win32
		{79F27DD3-82FE-3AAD-80B3-1255DC2DB9D9}.Release.ActiveCfg = Release|Win32
		{79F27DD3-82FE-3AAD-80B3-1255DC2DB9D9}.Release.Build.0 = Release|Win32
	EndGlobalSection
	GlobalSection(SolutionItems) = postSolution
		trunk.vsd = trunk.vsd
	EndGlobalSection
	GlobalSection(ExtensibilityGlobals) = postSolution
	EndGlobalSection
	GlobalSection(ExtensibilityAddIns) = postSolution
	EndGlobalSection
EndGlobal
