<?xml version="1.0" encoding="utf-8"?>
<Project ToolsVersion="4.0" xmlns="http://schemas.microsoft.com/developer/msbuild/2003">
  <ItemGroup>
    <Filter Include="Implementation">
      <UniqueIdentifier>{4d978003-df0f-440b-8839-8d47b8a6d1d8}</UniqueIdentifier>
    </Filter>
    <Filter Include="Implementation\Headerfiles">
      <UniqueIdentifier>{8ae4bb41-3ec4-4906-b82b-71df47a2fc2c}</UniqueIdentifier>
    </Filter>
    <Filter Include="Implementation\Sourcecodefiles">
      <UniqueIdentifier>{ef3ee833-c1cc-4afd-af94-9ce9d55ce762}</UniqueIdentifier>
    </Filter>
    <Filter Include="Interfaces">
      <UniqueIdentifier>{bc91a172-e22f-4f6f-b282-526bbce2bc27}</UniqueIdentifier>
    </Filter>
  </ItemGroup>
  <ItemGroup>
    <ClInclude Include="AlgLoopDefaultImplementation.h">
      <Filter>Implementation\Headerfiles</Filter>
    </ClInclude>
    <ClInclude Include="AlgLoopSolverFactory.h">
      <Filter>Implementation\Headerfiles</Filter>
    </ClInclude>
    <ClInclude Include="EventHandling.h">
      <Filter>Implementation\Headerfiles</Filter>
    </ClInclude>
    <ClInclude Include="SystemDefaultImplementation.h">
      <Filter>Implementation\Headerfiles</Filter>
    </ClInclude>
    <ClInclude Include="stdafx.h">
      <Filter>Implementation\Sourcecodefiles</Filter>
    </ClInclude>
    <ClInclude Include="..\Interfaces\IAlgLoop.h">
      <Filter>Interfaces</Filter>
    </ClInclude>
    <ClInclude Include="..\Interfaces\IAlgLoopSolver.h">
      <Filter>Interfaces</Filter>
    </ClInclude>
    <ClInclude Include="..\Interfaces\IContinous.h">
      <Filter>Interfaces</Filter>
    </ClInclude>
    <ClInclude Include="..\Interfaces\IDAESystem.h">
      <Filter>Interfaces</Filter>
    </ClInclude>
    <ClInclude Include="..\Interfaces\IEvent.h">
      <Filter>Interfaces</Filter>
    </ClInclude>
    <ClInclude Include="..\Interfaces\ISystemProperties.h">
      <Filter>Interfaces</Filter>
    </ClInclude>
  </ItemGroup>
  <ItemGroup>
    <ClCompile Include="AlgLoopDefaultImplementation.cpp">
      <Filter>Implementation\Sourcecodefiles</Filter>
    </ClCompile>
    <ClCompile Include="AlgLoopSolverFactory.cpp">
      <Filter>Implementation\Sourcecodefiles</Filter>
    </ClCompile>
    <ClCompile Include="EventHandling.cpp">
      <Filter>Implementation\Sourcecodefiles</Filter>
    </ClCompile>
    <ClCompile Include="stdafx.cpp">
      <Filter>Implementation\Sourcecodefiles</Filter>
    </ClCompile>
    <ClCompile Include="SystemDefaultImplementation.cpp">
      <Filter>Implementation\Sourcecodefiles</Filter>
    </ClCompile>
  </ItemGroup>
</Project>