# This file is automatically @generated by Cargo.
# It is not intended for manual editing.
version = 4

[[package]]
name = "approx"
version = "0.5.1"
source = "registry+https://github.com/rust-lang/crates.io-index"
checksum = "cab112f0a86d568ea0e627cc1d6be74a1e9cd55214684db5561995f6dad897c6"
dependencies = [
 "num-traits",
]

[[package]]
name = "autocfg"
version = "1.5.1"
source = "registry+https://github.com/rust-lang/crates.io-index"
checksum = "f2032f911046de80f0a198e0901378627c33f59ea0ac00e363d481118bd70a53"

[[package]]
name = "cc"
version = "1.2.65"
source = "registry+https://github.com/rust-lang/crates.io-index"
checksum = "e228eec9be7c17ccb640b59b36a5cd805ea2a564a4c5e162c2f659fea30d3b96"
dependencies = [
 "find-msvc-tools",
 "shlex",
]

[[package]]
name = "cfg-if"
version = "1.0.4"
source = "registry+https://github.com/rust-lang/crates.io-index"
checksum = "9330f8b2ff13f34540b44e946ef35111825727b38d33286ef986142615121801"

[[package]]
name = "daskr"
version = "0.1.0"
dependencies = [
 "cc",
]

[[package]]
name = "dlmalloc"
version = "0.2.14"
source = "registry+https://github.com/rust-lang/crates.io-index"
checksum = "ad5208a115eaba24916f7456929832e310a81518c641f93fee4f89aa93aa3675"
dependencies = [
 "cfg-if",
 "libc",
 "windows-sys",
]

[[package]]
name = "find-msvc-tools"
version = "0.1.9"
source = "registry+https://github.com/rust-lang/crates.io-index"
checksum = "5baebc0774151f905a1a2cc41989300b1e6fbb29aff0ceffa1064fdd3088d582"

[[package]]
name = "glam"
version = "0.30.10"
source = "registry+https://github.com/rust-lang/crates.io-index"
checksum = "19fc433e8437a212d1b6f1e68c7824af3aed907da60afa994e7f542d18d12aa9"
dependencies = [
 "libm",
]

[[package]]
name = "glam"
version = "0.31.1"
source = "registry+https://github.com/rust-lang/crates.io-index"
checksum = "556f6b2ea90b8d15a74e0e7bb41671c9bdf38cd9f78c284d750b9ce58a2b5be7"
dependencies = [
 "libm",
]

[[package]]
name = "glam"
version = "0.32.1"
source = "registry+https://github.com/rust-lang/crates.io-index"
checksum = "f70749695b063ecbf6b62949ccccde2e733ec3ecbbd71d467dca4e5c6c97cca0"
dependencies = [
 "libm",
]

[[package]]
name = "glam"
version = "0.33.1"
source = "registry+https://github.com/rust-lang/crates.io-index"
checksum = "898f5a568a84989b6c0f8caa50a93074b97dbdc58fc6d9543157bb4562758933"
dependencies = [
 "libm",
]

[[package]]
name = "libc"
version = "0.2.186"
source = "registry+https://github.com/rust-lang/crates.io-index"
checksum = "68ab91017fe16c622486840e4c83c9a37afeff978bd239b5293d61ece587de66"

[[package]]
name = "libm"
version = "0.2.16"
source = "registry+https://github.com/rust-lang/crates.io-index"
checksum = "b6d2cec3eae94f9f509c767b45932f1ada8350c4bdb85af2fcab4a3c14807981"

[[package]]
name = "nalgebra"
version = "0.35.0"
source = "registry+https://github.com/rust-lang/crates.io-index"
checksum = "adc43a60c217b0c6ff46e47f26911015ad8d2e5a8be1af668c67e370d99a4346"
dependencies = [
 "approx",
 "glam 0.30.10",
 "glam 0.31.1",
 "glam 0.32.1",
 "glam 0.33.1",
 "num-complex",
 "num-rational",
 "num-traits",
 "simba",
 "typenum",
]

[[package]]
name = "num-complex"
version = "0.4.6"
source = "registry+https://github.com/rust-lang/crates.io-index"
checksum = "73f88a1307638156682bada9d7604135552957b7818057dcef22705b4d509495"
dependencies = [
 "num-traits",
]

[[package]]
name = "num-integer"
version = "0.1.46"
source = "registry+https://github.com/rust-lang/crates.io-index"
checksum = "7969661fd2958a5cb096e56c8e1ad0444ac2bbcd0061bd28660485a44879858f"
dependencies = [
 "num-traits",
]

[[package]]
name = "num-rational"
version = "0.4.2"
source = "registry+https://github.com/rust-lang/crates.io-index"
checksum = "f83d14da390562dca69fc84082e73e548e1ad308d24accdedd2720017cb37824"
dependencies = [
 "num-integer",
 "num-traits",
]

[[package]]
name = "num-traits"
version = "0.2.19"
source = "registry+https://github.com/rust-lang/crates.io-index"
checksum = "071dfc062690e90b734c0b2273ce72ad0ffa95f0c74596bc250dcfd960262841"
dependencies = [
 "autocfg",
 "libm",
]

[[package]]
name = "openmodelica_codegen_wasm_jit_runtime"
version = "0.1.0"
dependencies = [
 "daskr",
 "dlmalloc",
 "libm",
 "nalgebra",
 "openmodelica_mat_writer",
 "openmodelica_sim_meta",
]

[[package]]
name = "openmodelica_mat_writer"
version = "0.1.0"

[[package]]
name = "openmodelica_sim_meta"
version = "0.1.0"

[[package]]
name = "shlex"
version = "2.0.1"
source = "registry+https://github.com/rust-lang/crates.io-index"
checksum = "f8fadd59c855ef2080decdef8ff161eb6661b86933c9d82e5ba29dc602a55aba"

[[package]]
name = "simba"
version = "0.10.0"
source = "registry+https://github.com/rust-lang/crates.io-index"
checksum = "8f45c644a9f3a386f9288625d9f0c1e999e1acf07a37df35d0516c7f199d9cb2"
dependencies = [
 "approx",
 "num-complex",
 "num-traits",
]

[[package]]
name = "typenum"
version = "1.20.1"
source = "registry+https://github.com/rust-lang/crates.io-index"
checksum = "b6f5e870be6c3b371b77fe0ee0bafb859fa4964b4404c27de1d380043c4dda20"

[[package]]
name = "windows-link"
version = "0.2.1"
source = "registry+https://github.com/rust-lang/crates.io-index"
checksum = "f0805222e57f7521d6a62e36fa9163bc891acd422f971defe97d64e70d0a4fe5"

[[package]]
name = "windows-sys"
version = "0.61.2"
source = "registry+https://github.com/rust-lang/crates.io-index"
checksum = "ae137229bcbd6cdf0f7b80a31df61766145077ddf49416a728b02cb3921ff3fc"
dependencies = [
 "windows-link",
]
