# This file is automatically @generated by Cargo.
# It is not intended for manual editing.
version = 4

[[package]]
name = "cc"
version = "1.2.65"
source = "registry+https://github.com/rust-lang/crates.io-index"
checksum = "e228eec9be7c17ccb640b59b36a5cd805ea2a564a4c5e162c2f659fea30d3b96"
dependencies = [
 "find-msvc-tools",
 "shlex",
]

[[package]]
name = "cfg-if"
version = "1.0.4"
source = "registry+https://github.com/rust-lang/crates.io-index"
checksum = "9330f8b2ff13f34540b44e946ef35111825727b38d33286ef986142615121801"

[[package]]
name = "daskr"
version = "0.1.0"
dependencies = [
 "cc",
 "libm",
]

[[package]]
name = "dlmalloc"
version = "0.2.14"
source = "registry+https://github.com/rust-lang/crates.io-index"
checksum = "ad5208a115eaba24916f7456929832e310a81518c641f93fee4f89aa93aa3675"
dependencies = [
 "cfg-if",
 "libc",
 "windows-sys",
]

[[package]]
name = "find-msvc-tools"
version = "0.1.9"
source = "registry+https://github.com/rust-lang/crates.io-index"
checksum = "5baebc0774151f905a1a2cc41989300b1e6fbb29aff0ceffa1064fdd3088d582"

[[package]]
name = "libc"
version = "0.2.186"
source = "registry+https://github.com/rust-lang/crates.io-index"
checksum = "68ab91017fe16c622486840e4c83c9a37afeff978bd239b5293d61ece587de66"

[[package]]
name = "libm"
version = "0.2.16"
source = "registry+https://github.com/rust-lang/crates.io-index"
checksum = "b6d2cec3eae94f9f509c767b45932f1ada8350c4bdb85af2fcab4a3c14807981"

[[package]]
name = "minpack"
version = "0.1.0"
dependencies = [
 "libm",
]

[[package]]
name = "openmodelica_codegen_wasm_jit_runtime"
version = "0.1.0"
dependencies = [
 "daskr",
 "dlmalloc",
 "libm",
 "minpack",
 "openmodelica_lapack",
 "openmodelica_mat_writer",
 "openmodelica_plt_writer",
 "openmodelica_sim_meta",
 "rsparse",
]

[[package]]
name = "openmodelica_lapack"
version = "0.1.0"
dependencies = [
 "libm",
]

[[package]]
name = "openmodelica_mat_writer"
version = "0.1.0"

[[package]]
name = "openmodelica_plt_writer"
version = "0.1.0"
dependencies = [
 "libm",
]

[[package]]
name = "openmodelica_sim_meta"
version = "0.1.0"
dependencies = [
 "daskr",
 "libm",
 "openmodelica_mat_writer",
 "openmodelica_solvers",
]

[[package]]
name = "openmodelica_solvers"
version = "0.1.0"
dependencies = [
 "daskr",
 "libm",
]

[[package]]
name = "rsparse"
version = "1.2.1"
source = "registry+https://github.com/rust-lang/crates.io-index"
checksum = "9d65dc8db760bdc8c94f4163c5d09be710f76fc92a4a1f698c441925db83c09e"

[[package]]
name = "shlex"
version = "2.0.1"
source = "registry+https://github.com/rust-lang/crates.io-index"
checksum = "f8fadd59c855ef2080decdef8ff161eb6661b86933c9d82e5ba29dc602a55aba"

[[package]]
name = "windows-link"
version = "0.2.1"
source = "registry+https://github.com/rust-lang/crates.io-index"
checksum = "f0805222e57f7521d6a62e36fa9163bc891acd422f971defe97d64e70d0a4fe5"

[[package]]
name = "windows-sys"
version = "0.61.2"
source = "registry+https://github.com/rust-lang/crates.io-index"
checksum = "ae137229bcbd6cdf0f7b80a31df61766145077ddf49416a728b02cb3921ff3fc"
dependencies = [
 "windows-link",
]
