<?xml version="1.0" encoding="utf-8"?>
<Project ToolsVersion="4.0" xmlns="http://schemas.microsoft.com/developer/msbuild/2003">
  <ItemGroup>
    <Filter Include="Source Files">
      <UniqueIdentifier>{4FC737F1-C7A5-4376-A066-2A32D752A2FF}</UniqueIdentifier>
      <Extensions>cpp;cxx;c;def</Extensions>
    </Filter>
    <Filter Include="Header Files">
      <UniqueIdentifier>{93995380-89BD-4b04-88EB-625FBE52EBFB}</UniqueIdentifier>
      <Extensions>h</Extensions>
    </Filter>
    <Filter Include="Resource Files">
      <UniqueIdentifier>{D9D6E242-F8AF-46E4-B9FD-80ECBC20BA3E}</UniqueIdentifier>
      <Extensions>qrc;*</Extensions>
      <ParseFiles>false</ParseFiles>
    </Filter>
    <Filter Include="Generated Files">
      <UniqueIdentifier>{71ED8ED8-ACB9-4CE9-BBE1-E00B30144E11}</UniqueIdentifier>
      <Extensions>moc;h;cpp</Extensions>
    </Filter>
  </ItemGroup>
  <ItemGroup>
    <ClCompile Include="commandcompletion.cpp">
      <Filter>Source Files</Filter>
    </ClCompile>
    <ClCompile Include="main.cpp">
      <Filter>Source Files</Filter>
    </ClCompile>
    <ClCompile Include="omc_communication.cc">
      <Filter>Source Files</Filter>
    </ClCompile>
    <ClCompile Include="omc_communicator.cpp">
      <Filter>Source Files</Filter>
    </ClCompile>
    <ClCompile Include="omcinteractiveenvironment.cpp">
      <Filter>Source Files</Filter>
    </ClCompile>
    <ClCompile Include="oms.cpp">
      <Filter>Source Files</Filter>
    </ClCompile>
    <ClCompile Include="generatedfiles\release\moc_commandcompletion.cpp">
      <Filter>Generated Files</Filter>
    </ClCompile>
    <ClCompile Include="generatedfiles\release\moc_omc_communicator.cpp">
      <Filter>Generated Files</Filter>
    </ClCompile>
    <ClCompile Include="GeneratedFiles\release\moc_oms.cpp">
      <Filter>Generated Files</Filter>
    </ClCompile>
    <ClCompile Include="GeneratedFiles\qrc_oms.cpp">
      <Filter>Generated Files</Filter>
    </ClCompile>
  </ItemGroup>
  <ItemGroup>
    <ClInclude Include="commandunit.h">
      <Filter>Header Files</Filter>
    </ClInclude>
    <ClInclude Include="inputcelldelegate.h">
      <Filter>Header Files</Filter>
    </ClInclude>
    <ClInclude Include="omcinteractiveenvironment.h">
      <Filter>Header Files</Filter>
    </ClInclude>
    <ClInclude Include="otherdlg.h">
      <Filter>Header Files</Filter>
    </ClInclude>
    <ClInclude Include="resource.h">
      <Filter>Header Files</Filter>
    </ClInclude>
    <ClInclude Include="GeneratedFiles\ui_OtherDlg.h">
      <Filter>Generated Files</Filter>
    </ClInclude>
  </ItemGroup>
  <ItemGroup>
    <None Include="Resources\clear.bmp">
      <Filter>Resource Files</Filter>
    </None>
    <None Include="Resources\copy.bmp">
      <Filter>Resource Files</Filter>
    </None>
    <None Include="Resources\cut.bmp">
      <Filter>Resource Files</Filter>
    </None>
    <None Include="Resources\help.bmp">
      <Filter>Resource Files</Filter>
    </None>
    <None Include="Resources\OMS.bmp">
      <Filter>Resource Files</Filter>
    </None>
    <None Include="Resources\OMS.ico">
      <Filter>Resource Files</Filter>
    </None>
    <None Include="Resources\paste.bmp">
      <Filter>Resource Files</Filter>
    </None>
    <None Include="Resources\print.bmp">
      <Filter>Resource Files</Filter>
    </None>
    <None Include="Resources\start.bmp">
      <Filter>Resource Files</Filter>
    </None>
    <None Include="Resources\stop.bmp">
      <Filter>Resource Files</Filter>
    </None>
    <None Include="Resources\winmosh.bmp">
      <Filter>Resource Files</Filter>
    </None>
    <None Include="Resources\WinMosh.ico">
      <Filter>Resource Files</Filter>
    </None>
    <None Include="README-UNIX.txt" />
  </ItemGroup>
  <ItemGroup>
    <ResourceCompile Include="res.rc" />
  </ItemGroup>
  <ItemGroup>
    <CustomBuild Include="commandcompletion.h">
      <Filter>Header Files</Filter>
    </CustomBuild>
    <CustomBuild Include="omc_communicator.h">
      <Filter>Header Files</Filter>
    </CustomBuild>
    <CustomBuild Include="oms.h">
      <Filter>Header Files</Filter>
    </CustomBuild>
    <CustomBuild Include="oms.qrc">
      <Filter>Resource Files</Filter>
    </CustomBuild>
    <CustomBuild Include="OtherDlg.ui" />
  </ItemGroup>
</Project>