<?xml version="1.0" encoding="utf-8"?>
<Project ToolsVersion="4.0" xmlns="http://schemas.microsoft.com/developer/msbuild/2003">
  <ItemGroup>
    <Filter Include="Source Files">
      <UniqueIdentifier>{4FC737F1-C7A5-4376-A066-2A32D752A2FF}</UniqueIdentifier>
      <Extensions>cpp;c;cxx;def;odl;idl;hpj;bat;asm;asmx</Extensions>
    </Filter>
    <Filter Include="Header Files">
      <UniqueIdentifier>{93995380-89BD-4b04-88EB-625FBE52EBFB}</UniqueIdentifier>
      <Extensions>h;hpp;hxx;hm;inl;inc;xsd</Extensions>
    </Filter>
    <Filter Include="Generated Files">
      <UniqueIdentifier>{71ED8ED8-ACB9-4CE9-BBE1-E00B30144E11}</UniqueIdentifier>
      <Extensions>cpp;c;cxx;moc;h;def;odl;idl;res;</Extensions>
    </Filter>
  </ItemGroup>
  <ItemGroup>
    <ClCompile Include="..\Pltpkg2\compoundWidget.cpp">
      <Filter>Source Files</Filter>
    </ClCompile>
    <ClCompile Include="..\Pltpkg2\curve.cpp">
      <Filter>Source Files</Filter>
    </ClCompile>
    <ClCompile Include="e.cpp">
      <Filter>Source Files</Filter>
    </ClCompile>
    <ClCompile Include="..\Pltpkg2\graphWidget.cpp">
      <Filter>Source Files</Filter>
    </ClCompile>
    <ClCompile Include="..\Pltpkg2\graphWindow.cpp">
      <Filter>Source Files</Filter>
    </ClCompile>
    <ClCompile Include="..\Pltpkg2\lineGroup.cpp">
      <Filter>Source Files</Filter>
    </ClCompile>
    <ClCompile Include="..\Pltpkg2\variableData.cpp">
      <Filter>Source Files</Filter>
    </ClCompile>
    <ClCompile Include="release\moc_compoundWidget.cpp">
      <Filter>Generated Files</Filter>
    </ClCompile>
    <ClCompile Include="release\moc_graphWidget.cpp">
      <Filter>Generated Files</Filter>
    </ClCompile>
    <ClCompile Include="release\moc_GraphWindow.cpp">
      <Filter>Generated Files</Filter>
    </ClCompile>
    <ClCompile Include="generatedfiles\qtres.cpp">
      <Filter>Generated Files</Filter>
    </ClCompile>
  </ItemGroup>
  <ItemGroup>
    <None Include="..\OMNotebookQT4\omnotebook_png.png" />
    <None Include="Resources\plotWindow.bmp" />
    <None Include="Resources\plotWindow.ico" />
    <None Include="Resources\plotWindow.png" />
  </ItemGroup>
  <ItemGroup>
    <ClInclude Include="..\Pltpkg2\curve.h">
      <Filter>Header Files</Filter>
    </ClInclude>
    <ClInclude Include="..\Pltpkg2\graphScene.h">
      <Filter>Header Files</Filter>
    </ClInclude>
    <ClInclude Include="..\Pltpkg2\label.h">
      <Filter>Header Files</Filter>
    </ClInclude>
    <ClInclude Include="..\Pltpkg2\lineGroup.h">
      <Filter>Header Files</Filter>
    </ClInclude>
    <ClInclude Include="resource.h">
      <Filter>Header Files</Filter>
    </ClInclude>
    <ClInclude Include="..\Pltpkg2\ui_compoundWidget.h">
      <Filter>Header Files</Filter>
    </ClInclude>
    <ClInclude Include="..\Pltpkg2\ui_graphWindow.h">
      <Filter>Header Files</Filter>
    </ClInclude>
    <ClInclude Include="..\Pltpkg2\variableData.h">
      <Filter>Header Files</Filter>
    </ClInclude>
    <ClInclude Include="..\Pltpkg2\verticalLabel.h">
      <Filter>Header Files</Filter>
    </ClInclude>
  </ItemGroup>
  <ItemGroup>
    <ResourceCompile Include="OMPlotWindow.rc" />
  </ItemGroup>
  <ItemGroup>
    <CustomBuild Include="qtres.qrc">
      <Filter>Source Files</Filter>
    </CustomBuild>
    <CustomBuild Include="..\Pltpkg2\compoundWidget.h">
      <Filter>Header Files</Filter>
    </CustomBuild>
    <CustomBuild Include="..\Pltpkg2\graphWidget.h">
      <Filter>Header Files</Filter>
    </CustomBuild>
    <CustomBuild Include="..\Pltpkg2\GraphWindow.h">
      <Filter>Header Files</Filter>
    </CustomBuild>
  </ItemGroup>
</Project>