<?xml version="1.0" encoding="utf-8"?>
<Project ToolsVersion="4.0" xmlns="http://schemas.microsoft.com/developer/msbuild/2003">
  <ItemGroup>
    <Filter Include="Source Files">
      <UniqueIdentifier>{91824769-ca1f-47b8-9617-6e07a2e12fc4}</UniqueIdentifier>
      <Extensions>cpp;c;cxx;def;odl;idl;hpj;bat;asm;asmx</Extensions>
    </Filter>
    <Filter Include="Header Files">
      <UniqueIdentifier>{6b9d7d0e-6820-45e0-a938-63356b0ff997}</UniqueIdentifier>
      <Extensions>h;hpp;hxx;hm;inl;inc;xsd</Extensions>
    </Filter>
    <Filter Include="Form Files">
      <UniqueIdentifier>{a1f4456d-43d8-46cd-b410-39c507e52aba}</UniqueIdentifier>
      <Extensions>ui</Extensions>
    </Filter>
  </ItemGroup>
  <ItemGroup>
    <ClCompile Include="compoundWidget.cpp">
      <Filter>Source Files</Filter>
    </ClCompile>
    <ClCompile Include="curve.cpp">
      <Filter>Source Files</Filter>
    </ClCompile>
    <ClCompile Include="dataSelect.cpp">
      <Filter>Source Files</Filter>
    </ClCompile>
    <ClCompile Include="graphWidget.cpp">
      <Filter>Source Files</Filter>
    </ClCompile>
    <ClCompile Include="graphWindow.cpp">
      <Filter>Source Files</Filter>
    </ClCompile>
    <ClCompile Include="legendLabel.cpp">
      <Filter>Source Files</Filter>
    </ClCompile>
    <ClCompile Include="line2D.cpp">
      <Filter>Source Files</Filter>
    </ClCompile>
    <ClCompile Include="lineGroup.cpp">
      <Filter>Source Files</Filter>
    </ClCompile>
    <ClCompile Include="release\moc_compoundWidget.cpp">
      <Filter>Source Files</Filter>
    </ClCompile>
    <ClCompile Include="debug\moc_compoundWidget.cpp">
      <Filter>Source Files</Filter>
    </ClCompile>
    <ClCompile Include="release\moc_graphWidget.cpp">
      <Filter>Source Files</Filter>
    </ClCompile>
    <ClCompile Include="debug\moc_graphWidget.cpp">
      <Filter>Source Files</Filter>
    </ClCompile>
    <ClCompile Include="debug\moc_graphWindow.cpp">
      <Filter>Source Files</Filter>
    </ClCompile>
    <ClCompile Include="release\moc_graphWindow.cpp">
      <Filter>Source Files</Filter>
    </ClCompile>
    <ClCompile Include="debug\moc_legendLabel.cpp">
      <Filter>Source Files</Filter>
    </ClCompile>
    <ClCompile Include="release\moc_legendLabel.cpp">
      <Filter>Source Files</Filter>
    </ClCompile>
    <ClCompile Include="release\moc_preferenceWindow.cpp">
      <Filter>Source Files</Filter>
    </ClCompile>
    <ClCompile Include="debug\moc_preferenceWindow.cpp">
      <Filter>Source Files</Filter>
    </ClCompile>
    <ClCompile Include="debug\moc_variablewindow.cpp">
      <Filter>Source Files</Filter>
    </ClCompile>
    <ClCompile Include="release\moc_variablewindow.cpp">
      <Filter>Source Files</Filter>
    </ClCompile>
    <ClCompile Include="Point.cpp">
      <Filter>Source Files</Filter>
    </ClCompile>
    <ClCompile Include="preferenceWindow.cpp">
      <Filter>Source Files</Filter>
    </ClCompile>
    <ClCompile Include="variableData.cpp">
      <Filter>Source Files</Filter>
    </ClCompile>
    <ClCompile Include="variablewindow.cpp">
      <Filter>Source Files</Filter>
    </ClCompile>
  </ItemGroup>
  <ItemGroup>
    <ClInclude Include="dataSelect.h">
      <Filter>Header Files</Filter>
    </ClInclude>
    <ClInclude Include="focusRect.h">
      <Filter>Header Files</Filter>
    </ClInclude>
    <ClInclude Include="graphScene.h">
      <Filter>Header Files</Filter>
    </ClInclude>
    <ClInclude Include="line2D.h">
      <Filter>Header Files</Filter>
    </ClInclude>
    <ClInclude Include="lineGroup.h">
      <Filter>Header Files</Filter>
    </ClInclude>
    <ClInclude Include="point.h">
      <Filter>Header Files</Filter>
    </ClInclude>
    <ClInclude Include="variableData.h">
      <Filter>Header Files</Filter>
    </ClInclude>
    <ClInclude Include="verticalLabel.h">
      <Filter>Header Files</Filter>
    </ClInclude>
  </ItemGroup>
  <ItemGroup>
    <CustomBuildStep Include="curve.h">
      <Filter>Header Files</Filter>
    </CustomBuildStep>
  </ItemGroup>
  <ItemGroup>
    <CustomBuild Include="compoundWidget.h">
      <Filter>Header Files</Filter>
    </CustomBuild>
    <CustomBuild Include="graphWidget.h">
      <Filter>Header Files</Filter>
    </CustomBuild>
    <CustomBuild Include="graphWindow.h">
      <Filter>Header Files</Filter>
    </CustomBuild>
    <CustomBuild Include="LegendLabel.h">
      <Filter>Header Files</Filter>
    </CustomBuild>
    <CustomBuild Include="preferenceWindow.h">
      <Filter>Header Files</Filter>
    </CustomBuild>
    <CustomBuild Include="variablewindow.h">
      <Filter>Header Files</Filter>
    </CustomBuild>
    <CustomBuild Include="compoundWidget.ui">
      <Filter>Form Files</Filter>
    </CustomBuild>
    <CustomBuild Include="dataSelect.ui">
      <Filter>Form Files</Filter>
    </CustomBuild>
    <CustomBuild Include="graphWindow.ui">
      <Filter>Form Files</Filter>
    </CustomBuild>
    <CustomBuild Include="newgraph.ui">
      <Filter>Form Files</Filter>
    </CustomBuild>
    <CustomBuild Include="preferences.ui">
      <Filter>Form Files</Filter>
    </CustomBuild>
  </ItemGroup>
</Project>